
Microsoft Visual Studio Solution File, Format Version 12.00
# Visual Studio Version 16
VisualStudioVersion = 16.0.28729.10
MinimumVisualStudioVersion = 10.0.40219.1
Project("{F184B08F-C81C-45F6-A57F-5ABD9991F28F}") = "CasparMediaPlayback", "CasparMediaPlayback\CasparMediaPlayback.vbproj", "{5B8EAB40-3F9F-4F39-8D7A-85B57EA67CE7}"
EndProject
Project("{54435603-DBB4-11D2-8724-00A0C9A8B90C}") = "CasparMediaPlaybackSetup", "CasparMediaPlaybackSetup\CasparMediaPlaybackSetup.vdproj", "{DF3538E1-4330-4AD0-A2B8-3F723E60AB22}"
EndProject
Project("{F184B08F-C81C-45F6-A57F-5ABD9991F28F}") = "4Channels", "4Channels\4Channels.vbproj", "{09EC7F18-0204-4E3B-9C27-7CFE099CB438}"
EndProject
Global
	GlobalSection(SolutionConfigurationPlatforms) = preSolution
		Debug|Any CPU = Debug|Any CPU
		Debug|Mixed Platforms = Debug|Mixed Platforms
		Debug|x64 = Debug|x64
		Debug|x86 = Debug|x86
		Release|Any CPU = Release|Any CPU
		Release|Mixed Platforms = Release|Mixed Platforms
		Release|x64 = Release|x64
		Release|x86 = Release|x86
	EndGlobalSection
	GlobalSection(ProjectConfigurationPlatforms) = postSolution
		{5B8EAB40-3F9F-4F39-8D7A-85B57EA67CE7}.Debug|Any CPU.ActiveCfg = Debug|Any CPU
		{5B8EAB40-3F9F-4F39-8D7A-85B57EA67CE7}.Debug|Any CPU.Build.0 = Debug|Any CPU
		{5B8EAB40-3F9F-4F39-8D7A-85B57EA67CE7}.Debug|Mixed Platforms.ActiveCfg = Debug|x86
		{5B8EAB40-3F9F-4F39-8D7A-85B57EA67CE7}.Debug|Mixed Platforms.Build.0 = Debug|x86
		{5B8EAB40-3F9F-4F39-8D7A-85B57EA67CE7}.Debug|x64.ActiveCfg = Debug|Any CPU
		{5B8EAB40-3F9F-4F39-8D7A-85B57EA67CE7}.Debug|x64.Build.0 = Debug|Any CPU
		{5B8EAB40-3F9F-4F39-8D7A-85B57EA67CE7}.Debug|x86.ActiveCfg = Debug|x86
		{5B8EAB40-3F9F-4F39-8D7A-85B57EA67CE7}.Debug|x86.Build.0 = Debug|x86
		{5B8EAB40-3F9F-4F39-8D7A-85B57EA67CE7}.Release|Any CPU.ActiveCfg = Release|Any CPU
		{5B8EAB40-3F9F-4F39-8D7A-85B57EA67CE7}.Release|Any CPU.Build.0 = Release|Any CPU
		{5B8EAB40-3F9F-4F39-8D7A-85B57EA67CE7}.Release|Mixed Platforms.ActiveCfg = Release|x86
		{5B8EAB40-3F9F-4F39-8D7A-85B57EA67CE7}.Release|Mixed Platforms.Build.0 = Release|x86
		{5B8EAB40-3F9F-4F39-8D7A-85B57EA67CE7}.Release|x64.ActiveCfg = Release|Any CPU
		{5B8EAB40-3F9F-4F39-8D7A-85B57EA67CE7}.Release|x64.Build.0 = Release|Any CPU
		{5B8EAB40-3F9F-4F39-8D7A-85B57EA67CE7}.Release|x86.ActiveCfg = Release|x86
		{5B8EAB40-3F9F-4F39-8D7A-85B57EA67CE7}.Release|x86.Build.0 = Release|x86
		{DF3538E1-4330-4AD0-A2B8-3F723E60AB22}.Debug|Any CPU.ActiveCfg = Debug
		{DF3538E1-4330-4AD0-A2B8-3F723E60AB22}.Debug|Any CPU.Build.0 = Debug
		{DF3538E1-4330-4AD0-A2B8-3F723E60AB22}.Debug|Mixed Platforms.ActiveCfg = Debug
		{DF3538E1-4330-4AD0-A2B8-3F723E60AB22}.Debug|Mixed Platforms.Build.0 = Debug
		{DF3538E1-4330-4AD0-A2B8-3F723E60AB22}.Debug|x64.ActiveCfg = Debug
		{DF3538E1-4330-4AD0-A2B8-3F723E60AB22}.Debug|x64.Build.0 = Debug
		{DF3538E1-4330-4AD0-A2B8-3F723E60AB22}.Debug|x86.ActiveCfg = Debug
		{DF3538E1-4330-4AD0-A2B8-3F723E60AB22}.Debug|x86.Build.0 = Debug
		{DF3538E1-4330-4AD0-A2B8-3F723E60AB22}.Release|Any CPU.ActiveCfg = Release
		{DF3538E1-4330-4AD0-A2B8-3F723E60AB22}.Release|Any CPU.Build.0 = Release
		{DF3538E1-4330-4AD0-A2B8-3F723E60AB22}.Release|Mixed Platforms.ActiveCfg = Release
		{DF3538E1-4330-4AD0-A2B8-3F723E60AB22}.Release|Mixed Platforms.Build.0 = Release
		{DF3538E1-4330-4AD0-A2B8-3F723E60AB22}.Release|x64.ActiveCfg = Release
		{DF3538E1-4330-4AD0-A2B8-3F723E60AB22}.Release|x64.Build.0 = Release
		{DF3538E1-4330-4AD0-A2B8-3F723E60AB22}.Release|x86.ActiveCfg = Release
		{DF3538E1-4330-4AD0-A2B8-3F723E60AB22}.Release|x86.Build.0 = Release
		{09EC7F18-0204-4E3B-9C27-7CFE099CB438}.Debug|Any CPU.ActiveCfg = Debug|Any CPU
		{09EC7F18-0204-4E3B-9C27-7CFE099CB438}.Debug|Any CPU.Build.0 = Debug|Any CPU
		{09EC7F18-0204-4E3B-9C27-7CFE099CB438}.Debug|Mixed Platforms.ActiveCfg = Debug|x86
		{09EC7F18-0204-4E3B-9C27-7CFE099CB438}.Debug|Mixed Platforms.Build.0 = Debug|x86
		{09EC7F18-0204-4E3B-9C27-7CFE099CB438}.Debug|x64.ActiveCfg = Debug|Any CPU
		{09EC7F18-0204-4E3B-9C27-7CFE099CB438}.Debug|x64.Build.0 = Debug|Any CPU
		{09EC7F18-0204-4E3B-9C27-7CFE099CB438}.Debug|x86.ActiveCfg = Debug|x86
		{09EC7F18-0204-4E3B-9C27-7CFE099CB438}.Debug|x86.Build.0 = Debug|x86
		{09EC7F18-0204-4E3B-9C27-7CFE099CB438}.Release|Any CPU.ActiveCfg = Release|Any CPU
		{09EC7F18-0204-4E3B-9C27-7CFE099CB438}.Release|Any CPU.Build.0 = Release|Any CPU
		{09EC7F18-0204-4E3B-9C27-7CFE099CB438}.Release|Mixed Platforms.ActiveCfg = Release|x86
		{09EC7F18-0204-4E3B-9C27-7CFE099CB438}.Release|Mixed Platforms.Build.0 = Release|x86
		{09EC7F18-0204-4E3B-9C27-7CFE099CB438}.Release|x64.ActiveCfg = Release|Any CPU
		{09EC7F18-0204-4E3B-9C27-7CFE099CB438}.Release|x64.Build.0 = Release|Any CPU
		{09EC7F18-0204-4E3B-9C27-7CFE099CB438}.Release|x86.ActiveCfg = Release|x86
		{09EC7F18-0204-4E3B-9C27-7CFE099CB438}.Release|x86.Build.0 = Release|x86
	EndGlobalSection
	GlobalSection(SolutionProperties) = preSolution
		HideSolutionNode = FALSE
	EndGlobalSection
	GlobalSection(ExtensibilityGlobals) = postSolution
		SolutionGuid = {0353611A-98A4-4522-8037-BBE0AE903222}
	EndGlobalSection
EndGlobal
